
Microsoft Visual Studio Solution File, Format Version 12.00
Project("{FAE04EC0-301F-11D3-BF4B-00C04F79EFBC}") = "Lab02", "Lab02\Lab02.csproj", "{DEF0762B-6419-45F8-A94E-07038D565ED8}"
EndProject
Project("{FAE04EC0-301F-11D3-BF4B-00C04F79EFBC}") = "Lab03", "Lab03\Lab03.csproj", "{07BA033F-24D0-43AB-A120-55D61BD6CE21}"
EndProject
Project("{FAE04EC0-301F-11D3-BF4B-00C04F79EFBC}") = "Lab01", "Lab01\Lab01.csproj", "{A5C6F298-B490-40C2-BE26-B57441D2CC7D}"
EndProject
Project("{FAE04EC0-301F-11D3-BF4B-00C04F79EFBC}") = "Lab04", "Lab04\Lab04.csproj", "{F2B8BCB3-81E5-4EB4-9C55-C8D51F75417B}"
EndProject
Project("{FAE04EC0-301F-11D3-BF4B-00C04F79EFBC}") = "Lab05", "Lab05\Lab05.csproj", "{58833569-4C68-40F7-8CD7-CEE0B75E5100}"
EndProject
Project("{FAE04EC0-301F-11D3-BF4B-00C04F79EFBC}") = "Lab06", "Lab06\Lab06.csproj", "{253D0B09-CAB2-4436-8734-82393D53F232}"
EndProject
Global
	GlobalSection(SolutionConfigurationPlatforms) = preSolution
		Debug|Any CPU = Debug|Any CPU
		Release|Any CPU = Release|Any CPU
	EndGlobalSection
	GlobalSection(ProjectConfigurationPlatforms) = postSolution
		{DEF0762B-6419-45F8-A94E-07038D565ED8}.Debug|Any CPU.ActiveCfg = Debug|Any CPU
		{DEF0762B-6419-45F8-A94E-07038D565ED8}.Debug|Any CPU.Build.0 = Debug|Any CPU
		{DEF0762B-6419-45F8-A94E-07038D565ED8}.Release|Any CPU.ActiveCfg = Release|Any CPU
		{DEF0762B-6419-45F8-A94E-07038D565ED8}.Release|Any CPU.Build.0 = Release|Any CPU
		{07BA033F-24D0-43AB-A120-55D61BD6CE21}.Debug|Any CPU.ActiveCfg = Debug|Any CPU
		{07BA033F-24D0-43AB-A120-55D61BD6CE21}.Debug|Any CPU.Build.0 = Debug|Any CPU
		{07BA033F-24D0-43AB-A120-55D61BD6CE21}.Release|Any CPU.ActiveCfg = Release|Any CPU
		{07BA033F-24D0-43AB-A120-55D61BD6CE21}.Release|Any CPU.Build.0 = Release|Any CPU
		{A5C6F298-B490-40C2-BE26-B57441D2CC7D}.Debug|Any CPU.ActiveCfg = Debug|Any CPU
		{A5C6F298-B490-40C2-BE26-B57441D2CC7D}.Debug|Any CPU.Build.0 = Debug|Any CPU
		{A5C6F298-B490-40C2-BE26-B57441D2CC7D}.Release|Any CPU.ActiveCfg = Release|Any CPU
		{A5C6F298-B490-40C2-BE26-B57441D2CC7D}.Release|Any CPU.Build.0 = Release|Any CPU
		{F2B8BCB3-81E5-4EB4-9C55-C8D51F75417B}.Debug|Any CPU.ActiveCfg = Debug|Any CPU
		{F2B8BCB3-81E5-4EB4-9C55-C8D51F75417B}.Debug|Any CPU.Build.0 = Debug|Any CPU
		{F2B8BCB3-81E5-4EB4-9C55-C8D51F75417B}.Release|Any CPU.ActiveCfg = Release|Any CPU
		{F2B8BCB3-81E5-4EB4-9C55-C8D51F75417B}.Release|Any CPU.Build.0 = Release|Any CPU
		{58833569-4C68-40F7-8CD7-CEE0B75E5100}.Debug|Any CPU.ActiveCfg = Debug|Any CPU
		{58833569-4C68-40F7-8CD7-CEE0B75E5100}.Debug|Any CPU.Build.0 = Debug|Any CPU
		{58833569-4C68-40F7-8CD7-CEE0B75E5100}.Release|Any CPU.ActiveCfg = Release|Any CPU
		{58833569-4C68-40F7-8CD7-CEE0B75E5100}.Release|Any CPU.Build.0 = Release|Any CPU
		{253D0B09-CAB2-4436-8734-82393D53F232}.Debug|Any CPU.ActiveCfg = Debug|Any CPU
		{253D0B09-CAB2-4436-8734-82393D53F232}.Debug|Any CPU.Build.0 = Debug|Any CPU
		{253D0B09-CAB2-4436-8734-82393D53F232}.Release|Any CPU.ActiveCfg = Release|Any CPU
		{253D0B09-CAB2-4436-8734-82393D53F232}.Release|Any CPU.Build.0 = Release|Any CPU
	EndGlobalSection
EndGlobal
