
Microsoft Visual Studio Solution File, Format Version 12.00
Project("{FAE04EC0-301F-11D3-BF4B-00C04F79EFBC}") = "Lab02", "Lab02\Lab02.csproj", "{DEF0762B-6419-45F8-A94E-07038D565ED8}"
EndProject
Global
	GlobalSection(SolutionConfigurationPlatforms) = preSolution
		Debug|Any CPU = Debug|Any CPU
		Release|Any CPU = Release|Any CPU
	EndGlobalSection
	GlobalSection(ProjectConfigurationPlatforms) = postSolution
		{DEF0762B-6419-45F8-A94E-07038D565ED8}.Debug|Any CPU.ActiveCfg = Debug|Any CPU
		{DEF0762B-6419-45F8-A94E-07038D565ED8}.Debug|Any CPU.Build.0 = Debug|Any CPU
		{DEF0762B-6419-45F8-A94E-07038D565ED8}.Release|Any CPU.ActiveCfg = Release|Any CPU
		{DEF0762B-6419-45F8-A94E-07038D565ED8}.Release|Any CPU.Build.0 = Release|Any CPU
	EndGlobalSection
EndGlobal
